# This file is automatically @generated by Cargo.
# It is not intended for manual editing.
version = 3

[[package]]
name = "advent_of_code_traits"
version = "0.1.0"
source = "registry+https://github.com/rust-lang/crates.io-index"
checksum = "a27830d17740ef5b56a63d5a537719e39cf8fea98b2eacd1046a12c652a26a9f"

[[package]]
name = "aoc2021"
version = "0.1.0"
dependencies = [
 "advent_of_code_traits",
]
